// !$*UTF8*$!
{
	archiveVersion = 1;
	classes = {
	};
	objectVersion = 55;
	objects = {

/* Begin PBXBuildFile section */
		822351782719B57B00A078B3 /* MaterialActivityIndicator.swift in Sources */ = {isa = PBXBuildFile; fileRef = 822351772719B57B00A078B3 /* MaterialActivityIndicator.swift */; };
		8223517A2719B59E00A078B3 /* MaterialActivityIndicatorAnimator.swift in Sources */ = {isa = PBXBuildFile; fileRef = 822351792719B59E00A078B3 /* MaterialActivityIndicatorAnimator.swift */; };
		8223517D2719B5D000A078B3 /* CAPropertyAnimation+Key.swift in Sources */ = {isa = PBXBuildFile; fileRef = 8223517C2719B5D000A078B3 /* CAPropertyAnimation+Key.swift */; };
		8223517F2719B5E000A078B3 /* CGRect+Center.swift in Sources */ = {isa = PBXBuildFile; fileRef = 8223517E2719B5E000A078B3 /* CGRect+Center.swift */; };
		822351812719B5F500A078B3 /* CGSize+Min.swift in Sources */ = {isa = PBXBuildFile; fileRef = 822351802719B5F500A078B3 /* CGSize+Min.swift */; };
		822351832719B60C00A078B3 /* UIBezierPath+Circle.swift in Sources */ = {isa = PBXBuildFile; fileRef = 822351822719B60C00A078B3 /* UIBezierPath+Circle.swift */; };
		822351942719D81200A078B3 /* LeetWidgets.swift in Sources */ = {isa = PBXBuildFile; fileRef = 822351932719D81200A078B3 /* LeetWidgets.swift */; };
		822351972719D81400A078B3 /* Assets.xcassets in Resources */ = {isa = PBXBuildFile; fileRef = 822351962719D81400A078B3 /* Assets.xcassets */; };
		822351992719D81400A078B3 /* LeetWidgets.intentdefinition in Sources */ = {isa = PBXBuildFile; fileRef = 822351952719D81200A078B3 /* LeetWidgets.intentdefinition */; };
		8223519A2719D81400A078B3 /* LeetWidgets.intentdefinition in Sources */ = {isa = PBXBuildFile; fileRef = 822351952719D81200A078B3 /* LeetWidgets.intentdefinition */; };
		8223519D2719D81400A078B3 /* LeetWidgetsExtension.appex in Embed App Extensions */ = {isa = PBXBuildFile; fileRef = 8223518F2719D81200A078B3 /* LeetWidgetsExtension.appex */; settings = {ATTRIBUTES = (RemoveHeadersOnCopy, ); }; };
		822351A12719D8ED00A078B3 /* Stats.swift in Sources */ = {isa = PBXBuildFile; fileRef = 82D6E7852712E7C700B1CEBB /* Stats.swift */; };
		822351A3271A0BF500A078B3 /* SwiftUI.framework in Frameworks */ = {isa = PBXBuildFile; fileRef = 824B7C5B271609D000522783 /* SwiftUI.framework */; };
		822351A6271A0BF700A078B3 /* WidgetKit.framework in Frameworks */ = {isa = PBXBuildFile; fileRef = 824B7C59271609D000522783 /* WidgetKit.framework */; };
		824B7C41271485F600522783 /* CustomDate.swift in Sources */ = {isa = PBXBuildFile; fileRef = 824B7C40271485F600522783 /* CustomDate.swift */; };
		824B7C432715768B00522783 /* SettingsViewController.swift in Sources */ = {isa = PBXBuildFile; fileRef = 824B7C422715768B00522783 /* SettingsViewController.swift */; };
		824B7C452715B20900522783 /* Main.storyboard in Resources */ = {isa = PBXBuildFile; fileRef = 824B7C442715B20900522783 /* Main.storyboard */; };
		824B7C4D2715B80700522783 /* CGFloat+Radian.swift in Sources */ = {isa = PBXBuildFile; fileRef = 824B7C472715B80700522783 /* CGFloat+Radian.swift */; };
		824B7C4E2715B80700522783 /* DonutChartLayer.swift in Sources */ = {isa = PBXBuildFile; fileRef = 824B7C482715B80700522783 /* DonutChartLayer.swift */; };
		824B7C4F2715B80700522783 /* DonutChartView.swift in Sources */ = {isa = PBXBuildFile; fileRef = 824B7C492715B80700522783 /* DonutChartView.swift */; };
		824B7C502715B80700522783 /* DonutChartEntry.swift in Sources */ = {isa = PBXBuildFile; fileRef = 824B7C4A2715B80700522783 /* DonutChartEntry.swift */; };
		824B7C512715B80700522783 /* DonutChartSegmentLayer.swift in Sources */ = {isa = PBXBuildFile; fileRef = 824B7C4B2715B80700522783 /* DonutChartSegmentLayer.swift */; };
		824B7C522715B80700522783 /* CALayer + Utility.swift in Sources */ = {isa = PBXBuildFile; fileRef = 824B7C4C2715B80700522783 /* CALayer + Utility.swift */; };
		824B7C6E27160A2900522783 /* CalendarData.swift in Sources */ = {isa = PBXBuildFile; fileRef = 824B7C6D27160A2900522783 /* CalendarData.swift */; };
		824B7C70271610BD00522783 /* CalendarView.swift in Sources */ = {isa = PBXBuildFile; fileRef = 824B7C6F271610BD00522783 /* CalendarView.swift */; };
		82D6E7542712E7A700B1CEBB /* AppDelegate.swift in Sources */ = {isa = PBXBuildFile; fileRef = 82D6E7532712E7A700B1CEBB /* AppDelegate.swift */; };
		82D6E7562712E7A700B1CEBB /* SceneDelegate.swift in Sources */ = {isa = PBXBuildFile; fileRef = 82D6E7552712E7A700B1CEBB /* SceneDelegate.swift */; };
		82D6E75D2712E7A900B1CEBB /* Assets.xcassets in Resources */ = {isa = PBXBuildFile; fileRef = 82D6E75C2712E7A900B1CEBB /* Assets.xcassets */; };
		82D6E7602712E7A900B1CEBB /* LaunchScreen.storyboard in Resources */ = {isa = PBXBuildFile; fileRef = 82D6E75E2712E7A900B1CEBB /* LaunchScreen.storyboard */; };
		82D6E76B2712E7A900B1CEBB /* LeetStatsTests.swift in Sources */ = {isa = PBXBuildFile; fileRef = 82D6E76A2712E7A900B1CEBB /* LeetStatsTests.swift */; };
		82D6E7752712E7A900B1CEBB /* LeetStatsUITests.swift in Sources */ = {isa = PBXBuildFile; fileRef = 82D6E7742712E7A900B1CEBB /* LeetStatsUITests.swift */; };
		82D6E7772712E7A900B1CEBB /* LeetStatsUITestsLaunchTests.swift in Sources */ = {isa = PBXBuildFile; fileRef = 82D6E7762712E7A900B1CEBB /* LeetStatsUITestsLaunchTests.swift */; };
		82D6E7842712E7B700B1CEBB /* NetworkManager.swift in Sources */ = {isa = PBXBuildFile; fileRef = 82D6E7832712E7B700B1CEBB /* NetworkManager.swift */; };
		82D6E7862712E7C700B1CEBB /* Stats.swift in Sources */ = {isa = PBXBuildFile; fileRef = 82D6E7852712E7C700B1CEBB /* Stats.swift */; };
		82D6E78A2712F37D00B1CEBB /* AuthViewController.swift in Sources */ = {isa = PBXBuildFile; fileRef = 82D6E7892712F37D00B1CEBB /* AuthViewController.swift */; };
		82D6E78D2712F39400B1CEBB /* ProfileViewController.swift in Sources */ = {isa = PBXBuildFile; fileRef = 82D6E78C2712F39400B1CEBB /* ProfileViewController.swift */; };
/* End PBXBuildFile section */

/* Begin PBXContainerItemProxy section */
		8223519B2719D81400A078B3 /* PBXContainerItemProxy */ = {
			isa = PBXContainerItemProxy;
			containerPortal = 82D6E7482712E7A700B1CEBB /* Project object */;
			proxyType = 1;
			remoteGlobalIDString = 8223518E2719D81200A078B3;
			remoteInfo = LeetWidgetsExtension;
		};
		82D6E7672712E7A900B1CEBB /* PBXContainerItemProxy */ = {
			isa = PBXContainerItemProxy;
			containerPortal = 82D6E7482712E7A700B1CEBB /* Project object */;
			proxyType = 1;
			remoteGlobalIDString = 82D6E74F2712E7A700B1CEBB;
			remoteInfo = LeetStats;
		};
		82D6E7712712E7A900B1CEBB /* PBXContainerItemProxy */ = {
			isa = PBXContainerItemProxy;
			containerPortal = 82D6E7482712E7A700B1CEBB /* Project object */;
			proxyType = 1;
			remoteGlobalIDString = 82D6E74F2712E7A700B1CEBB;
			remoteInfo = LeetStats;
		};
/* End PBXContainerItemProxy section */

/* Begin PBXCopyFilesBuildPhase section */
		824B7C6C271609D100522783 /* Embed App Extensions */ = {
			isa = PBXCopyFilesBuildPhase;
			buildActionMask = 2147483647;
			dstPath = "";
			dstSubfolderSpec = 13;
			files = (
				8223519D2719D81400A078B3 /* LeetWidgetsExtension.appex in Embed App Extensions */,
			);
			name = "Embed App Extensions";
			runOnlyForDeploymentPostprocessing = 0;
		};
/* End PBXCopyFilesBuildPhase section */

/* Begin PBXFileReference section */
		822351772719B57B00A078B3 /* MaterialActivityIndicator.swift */ = {isa = PBXFileReference; lastKnownFileType = sourcecode.swift; path = MaterialActivityIndicator.swift; sourceTree = "<group>"; };
		822351792719B59E00A078B3 /* MaterialActivityIndicatorAnimator.swift */ = {isa = PBXFileReference; lastKnownFileType = sourcecode.swift; path = MaterialActivityIndicatorAnimator.swift; sourceTree = "<group>"; };
		8223517C2719B5D000A078B3 /* CAPropertyAnimation+Key.swift */ = {isa = PBXFileReference; lastKnownFileType = sourcecode.swift; path = "CAPropertyAnimation+Key.swift"; sourceTree = "<group>"; };
		8223517E2719B5E000A078B3 /* CGRect+Center.swift */ = {isa = PBXFileReference; lastKnownFileType = sourcecode.swift; path = "CGRect+Center.swift"; sourceTree = "<group>"; };
		822351802719B5F500A078B3 /* CGSize+Min.swift */ = {isa = PBXFileReference; lastKnownFileType = sourcecode.swift; path = "CGSize+Min.swift"; sourceTree = "<group>"; };
		822351822719B60C00A078B3 /* UIBezierPath+Circle.swift */ = {isa = PBXFileReference; lastKnownFileType = sourcecode.swift; path = "UIBezierPath+Circle.swift"; sourceTree = "<group>"; };
		822351852719D52600A078B3 /* LeetStats.entitlements */ = {isa = PBXFileReference; lastKnownFileType = text.plist.entitlements; path = LeetStats.entitlements; sourceTree = "<group>"; };
		8223518F2719D81200A078B3 /* LeetWidgetsExtension.appex */ = {isa = PBXFileReference; explicitFileType = "wrapper.app-extension"; includeInIndex = 0; path = LeetWidgetsExtension.appex; sourceTree = BUILT_PRODUCTS_DIR; };
		822351932719D81200A078B3 /* LeetWidgets.swift */ = {isa = PBXFileReference; lastKnownFileType = sourcecode.swift; path = LeetWidgets.swift; sourceTree = "<group>"; };
		822351952719D81200A078B3 /* LeetWidgets.intentdefinition */ = {isa = PBXFileReference; lastKnownFileType = file.intentdefinition; path = LeetWidgets.intentdefinition; sourceTree = "<group>"; };
		822351962719D81400A078B3 /* Assets.xcassets */ = {isa = PBXFileReference; lastKnownFileType = folder.assetcatalog; path = Assets.xcassets; sourceTree = "<group>"; };
		822351982719D81400A078B3 /* Info.plist */ = {isa = PBXFileReference; lastKnownFileType = text.plist.xml; path = Info.plist; sourceTree = "<group>"; };
		822351A22719D8F600A078B3 /* LeetWidgetsExtension.entitlements */ = {isa = PBXFileReference; lastKnownFileType = text.plist.entitlements; path = LeetWidgetsExtension.entitlements; sourceTree = "<group>"; };
		824B7C40271485F600522783 /* CustomDate.swift */ = {isa = PBXFileReference; fileEncoding = 4; lastKnownFileType = sourcecode.swift; path = CustomDate.swift; sourceTree = "<group>"; };
		824B7C422715768B00522783 /* SettingsViewController.swift */ = {isa = PBXFileReference; lastKnownFileType = sourcecode.swift; path = SettingsViewController.swift; sourceTree = "<group>"; };
		824B7C442715B20900522783 /* Main.storyboard */ = {isa = PBXFileReference; fileEncoding = 4; lastKnownFileType = file.storyboard; path = Main.storyboard; sourceTree = "<group>"; };
		824B7C472715B80700522783 /* CGFloat+Radian.swift */ = {isa = PBXFileReference; fileEncoding = 4; lastKnownFileType = sourcecode.swift; path = "CGFloat+Radian.swift"; sourceTree = "<group>"; };
		824B7C482715B80700522783 /* DonutChartLayer.swift */ = {isa = PBXFileReference; fileEncoding = 4; lastKnownFileType = sourcecode.swift; path = DonutChartLayer.swift; sourceTree = "<group>"; };
		824B7C492715B80700522783 /* DonutChartView.swift */ = {isa = PBXFileReference; fileEncoding = 4; lastKnownFileType = sourcecode.swift; path = DonutChartView.swift; sourceTree = "<group>"; };
		824B7C4A2715B80700522783 /* DonutChartEntry.swift */ = {isa = PBXFileReference; fileEncoding = 4; lastKnownFileType = sourcecode.swift; path = DonutChartEntry.swift; sourceTree = "<group>"; };
		824B7C4B2715B80700522783 /* DonutChartSegmentLayer.swift */ = {isa = PBXFileReference; fileEncoding = 4; lastKnownFileType = sourcecode.swift; path = DonutChartSegmentLayer.swift; sourceTree = "<group>"; };
		824B7C4C2715B80700522783 /* CALayer + Utility.swift */ = {isa = PBXFileReference; fileEncoding = 4; lastKnownFileType = sourcecode.swift; path = "CALayer + Utility.swift"; sourceTree = "<group>"; };
		824B7C59271609D000522783 /* WidgetKit.framework */ = {isa = PBXFileReference; lastKnownFileType = wrapper.framework; name = WidgetKit.framework; path = System/Library/Frameworks/WidgetKit.framework; sourceTree = SDKROOT; };
		824B7C5B271609D000522783 /* SwiftUI.framework */ = {isa = PBXFileReference; lastKnownFileType = wrapper.framework; name = SwiftUI.framework; path = System/Library/Frameworks/SwiftUI.framework; sourceTree = SDKROOT; };
		824B7C6D27160A2900522783 /* CalendarData.swift */ = {isa = PBXFileReference; lastKnownFileType = sourcecode.swift; path = CalendarData.swift; sourceTree = "<group>"; };
		824B7C6F271610BD00522783 /* CalendarView.swift */ = {isa = PBXFileReference; lastKnownFileType = sourcecode.swift; path = CalendarView.swift; sourceTree = "<group>"; };
		82D6E7502712E7A700B1CEBB /* LeetStats.app */ = {isa = PBXFileReference; explicitFileType = wrapper.application; includeInIndex = 0; path = LeetStats.app; sourceTree = BUILT_PRODUCTS_DIR; };
		82D6E7532712E7A700B1CEBB /* AppDelegate.swift */ = {isa = PBXFileReference; lastKnownFileType = sourcecode.swift; path = AppDelegate.swift; sourceTree = "<group>"; };
		82D6E7552712E7A700B1CEBB /* SceneDelegate.swift */ = {isa = PBXFileReference; lastKnownFileType = sourcecode.swift; path = SceneDelegate.swift; sourceTree = "<group>"; };
		82D6E75C2712E7A900B1CEBB /* Assets.xcassets */ = {isa = PBXFileReference; lastKnownFileType = folder.assetcatalog; path = Assets.xcassets; sourceTree = "<group>"; };
		82D6E75F2712E7A900B1CEBB /* Base */ = {isa = PBXFileReference; lastKnownFileType = file.storyboard; name = Base; path = Base.lproj/LaunchScreen.storyboard; sourceTree = "<group>"; };
		82D6E7612712E7A900B1CEBB /* Info.plist */ = {isa = PBXFileReference; lastKnownFileType = text.plist.xml; path = Info.plist; sourceTree = "<group>"; };
		82D6E7662712E7A900B1CEBB /* LeetStatsTests.xctest */ = {isa = PBXFileReference; explicitFileType = wrapper.cfbundle; includeInIndex = 0; path = LeetStatsTests.xctest; sourceTree = BUILT_PRODUCTS_DIR; };
		82D6E76A2712E7A900B1CEBB /* LeetStatsTests.swift */ = {isa = PBXFileReference; lastKnownFileType = sourcecode.swift; path = LeetStatsTests.swift; sourceTree = "<group>"; };
		82D6E7702712E7A900B1CEBB /* LeetStatsUITests.xctest */ = {isa = PBXFileReference; explicitFileType = wrapper.cfbundle; includeInIndex = 0; path = LeetStatsUITests.xctest; sourceTree = BUILT_PRODUCTS_DIR; };
		82D6E7742712E7A900B1CEBB /* LeetStatsUITests.swift */ = {isa = PBXFileReference; lastKnownFileType = sourcecode.swift; path = LeetStatsUITests.swift; sourceTree = "<group>"; };
		82D6E7762712E7A900B1CEBB /* LeetStatsUITestsLaunchTests.swift */ = {isa = PBXFileReference; lastKnownFileType = sourcecode.swift; path = LeetStatsUITestsLaunchTests.swift; sourceTree = "<group>"; };
		82D6E7832712E7B700B1CEBB /* NetworkManager.swift */ = {isa = PBXFileReference; lastKnownFileType = sourcecode.swift; path = NetworkManager.swift; sourceTree = "<group>"; };
		82D6E7852712E7C700B1CEBB /* Stats.swift */ = {isa = PBXFileReference; lastKnownFileType = sourcecode.swift; path = Stats.swift; sourceTree = "<group>"; };
		82D6E7892712F37D00B1CEBB /* AuthViewController.swift */ = {isa = PBXFileReference; lastKnownFileType = sourcecode.swift; path = AuthViewController.swift; sourceTree = "<group>"; };
		82D6E78C2712F39400B1CEBB /* ProfileViewController.swift */ = {isa = PBXFileReference; lastKnownFileType = sourcecode.swift; path = ProfileViewController.swift; sourceTree = "<group>"; };
/* End PBXFileReference section */

/* Begin PBXFrameworksBuildPhase section */
		8223518C2719D81200A078B3 /* Frameworks */ = {
			isa = PBXFrameworksBuildPhase;
			buildActionMask = 2147483647;
			files = (
				822351A3271A0BF500A078B3 /* SwiftUI.framework in Frameworks */,
				822351A6271A0BF700A078B3 /* WidgetKit.framework in Frameworks */,
			);
			runOnlyForDeploymentPostprocessing = 0;
		};
		82D6E74D2712E7A700B1CEBB /* Frameworks */ = {
			isa = PBXFrameworksBuildPhase;
			buildActionMask = 2147483647;
			files = (
			);
			runOnlyForDeploymentPostprocessing = 0;
		};
		82D6E7632712E7A900B1CEBB /* Frameworks */ = {
			isa = PBXFrameworksBuildPhase;
			buildActionMask = 2147483647;
			files = (
			);
			runOnlyForDeploymentPostprocessing = 0;
		};
		82D6E76D2712E7A900B1CEBB /* Frameworks */ = {
			isa = PBXFrameworksBuildPhase;
			buildActionMask = 2147483647;
			files = (
			);
			runOnlyForDeploymentPostprocessing = 0;
		};
/* End PBXFrameworksBuildPhase section */

/* Begin PBXGroup section */
		822351762719B55E00A078B3 /* Activity Indicator */ = {
			isa = PBXGroup;
			children = (
				822351772719B57B00A078B3 /* MaterialActivityIndicator.swift */,
				822351792719B59E00A078B3 /* MaterialActivityIndicatorAnimator.swift */,
				8223517B2719B5C100A078B3 /* Extension */,
			);
			path = "Activity Indicator";
			sourceTree = "<group>";
		};
		8223517B2719B5C100A078B3 /* Extension */ = {
			isa = PBXGroup;
			children = (
				8223517C2719B5D000A078B3 /* CAPropertyAnimation+Key.swift */,
				8223517E2719B5E000A078B3 /* CGRect+Center.swift */,
				822351802719B5F500A078B3 /* CGSize+Min.swift */,
				822351822719B60C00A078B3 /* UIBezierPath+Circle.swift */,
			);
			path = Extension;
			sourceTree = "<group>";
		};
		822351922719D81200A078B3 /* LeetWidgets */ = {
			isa = PBXGroup;
			children = (
				822351932719D81200A078B3 /* LeetWidgets.swift */,
				822351952719D81200A078B3 /* LeetWidgets.intentdefinition */,
				822351962719D81400A078B3 /* Assets.xcassets */,
				822351982719D81400A078B3 /* Info.plist */,
			);
			path = LeetWidgets;
			sourceTree = "<group>";
		};
		824B7C462715B7E600522783 /* Donut Chart */ = {
			isa = PBXGroup;
			children = (
				824B7C4C2715B80700522783 /* CALayer + Utility.swift */,
				824B7C472715B80700522783 /* CGFloat+Radian.swift */,
				824B7C4A2715B80700522783 /* DonutChartEntry.swift */,
				824B7C482715B80700522783 /* DonutChartLayer.swift */,
				824B7C4B2715B80700522783 /* DonutChartSegmentLayer.swift */,
				824B7C492715B80700522783 /* DonutChartView.swift */,
			);
			path = "Donut Chart";
			sourceTree = "<group>";
		};
		824B7C58271609D000522783 /* Frameworks */ = {
			isa = PBXGroup;
			children = (
				824B7C59271609D000522783 /* WidgetKit.framework */,
				824B7C5B271609D000522783 /* SwiftUI.framework */,
			);
			name = Frameworks;
			sourceTree = "<group>";
		};
		82D6E7472712E7A700B1CEBB = {
			isa = PBXGroup;
			children = (
				822351A22719D8F600A078B3 /* LeetWidgetsExtension.entitlements */,
				82D6E7522712E7A700B1CEBB /* LeetStats */,
				82D6E7692712E7A900B1CEBB /* LeetStatsTests */,
				82D6E7732712E7A900B1CEBB /* LeetStatsUITests */,
				822351922719D81200A078B3 /* LeetWidgets */,
				824B7C58271609D000522783 /* Frameworks */,
				82D6E7512712E7A700B1CEBB /* Products */,
			);
			sourceTree = "<group>";
		};
		82D6E7512712E7A700B1CEBB /* Products */ = {
			isa = PBXGroup;
			children = (
				82D6E7502712E7A700B1CEBB /* LeetStats.app */,
				82D6E7662712E7A900B1CEBB /* LeetStatsTests.xctest */,
				82D6E7702712E7A900B1CEBB /* LeetStatsUITests.xctest */,
				8223518F2719D81200A078B3 /* LeetWidgetsExtension.appex */,
			);
			name = Products;
			sourceTree = "<group>";
		};
		82D6E7522712E7A700B1CEBB /* LeetStats */ = {
			isa = PBXGroup;
			children = (
				822351852719D52600A078B3 /* LeetStats.entitlements */,
				824B7C40271485F600522783 /* CustomDate.swift */,
				82D6E7532712E7A700B1CEBB /* AppDelegate.swift */,
				82D6E7552712E7A700B1CEBB /* SceneDelegate.swift */,
				82D6E7882712F33F00B1CEBB /* Model */,
				82D6E7872712F33400B1CEBB /* View */,
				82D6E78B2712F38000B1CEBB /* Controller */,
				824B7C462715B7E600522783 /* Donut Chart */,
				822351762719B55E00A078B3 /* Activity Indicator */,
				82D6E75C2712E7A900B1CEBB /* Assets.xcassets */,
				82D6E75E2712E7A900B1CEBB /* LaunchScreen.storyboard */,
				82D6E7612712E7A900B1CEBB /* Info.plist */,
			);
			path = LeetStats;
			sourceTree = "<group>";
		};
		82D6E7692712E7A900B1CEBB /* LeetStatsTests */ = {
			isa = PBXGroup;
			children = (
				82D6E76A2712E7A900B1CEBB /* LeetStatsTests.swift */,
			);
			path = LeetStatsTests;
			sourceTree = "<group>";
		};
		82D6E7732712E7A900B1CEBB /* LeetStatsUITests */ = {
			isa = PBXGroup;
			children = (
				82D6E7742712E7A900B1CEBB /* LeetStatsUITests.swift */,
				82D6E7762712E7A900B1CEBB /* LeetStatsUITestsLaunchTests.swift */,
			);
			path = LeetStatsUITests;
			sourceTree = "<group>";
		};
		82D6E7872712F33400B1CEBB /* View */ = {
			isa = PBXGroup;
			children = (
				824B7C442715B20900522783 /* Main.storyboard */,
				824B7C6F271610BD00522783 /* CalendarView.swift */,
			);
			path = View;
			sourceTree = "<group>";
		};
		82D6E7882712F33F00B1CEBB /* Model */ = {
			isa = PBXGroup;
			children = (
				82D6E7832712E7B700B1CEBB /* NetworkManager.swift */,
				82D6E7852712E7C700B1CEBB /* Stats.swift */,
				824B7C6D27160A2900522783 /* CalendarData.swift */,
			);
			path = Model;
			sourceTree = "<group>";
		};
		82D6E78B2712F38000B1CEBB /* Controller */ = {
			isa = PBXGroup;
			children = (
				82D6E7892712F37D00B1CEBB /* AuthViewController.swift */,
				82D6E78C2712F39400B1CEBB /* ProfileViewController.swift */,
				824B7C422715768B00522783 /* SettingsViewController.swift */,
			);
			path = Controller;
			sourceTree = "<group>";
		};
/* End PBXGroup section */

/* Begin PBXNativeTarget section */
		8223518E2719D81200A078B3 /* LeetWidgetsExtension */ = {
			isa = PBXNativeTarget;
			buildConfigurationList = 8223519E2719D81400A078B3 /* Build configuration list for PBXNativeTarget "LeetWidgetsExtension" */;
			buildPhases = (
				8223518B2719D81200A078B3 /* Sources */,
				8223518C2719D81200A078B3 /* Frameworks */,
				8223518D2719D81200A078B3 /* Resources */,
			);
			buildRules = (
			);
			dependencies = (
			);
			name = LeetWidgetsExtension;
			productName = LeetWidgetsExtension;
			productReference = 8223518F2719D81200A078B3 /* LeetWidgetsExtension.appex */;
			productType = "com.apple.product-type.app-extension";
		};
		82D6E74F2712E7A700B1CEBB /* LeetStats */ = {
			isa = PBXNativeTarget;
			buildConfigurationList = 82D6E77A2712E7A900B1CEBB /* Build configuration list for PBXNativeTarget "LeetStats" */;
			buildPhases = (
				82D6E74C2712E7A700B1CEBB /* Sources */,
				82D6E74D2712E7A700B1CEBB /* Frameworks */,
				82D6E74E2712E7A700B1CEBB /* Resources */,
				824B7C6C271609D100522783 /* Embed App Extensions */,
			);
			buildRules = (
			);
			dependencies = (
				8223519C2719D81400A078B3 /* PBXTargetDependency */,
			);
			name = LeetStats;
			productName = LeetStats;
			productReference = 82D6E7502712E7A700B1CEBB /* LeetStats.app */;
			productType = "com.apple.product-type.application";
		};
		82D6E7652712E7A900B1CEBB /* LeetStatsTests */ = {
			isa = PBXNativeTarget;
			buildConfigurationList = 82D6E77D2712E7A900B1CEBB /* Build configuration list for PBXNativeTarget "LeetStatsTests" */;
			buildPhases = (
				82D6E7622712E7A900B1CEBB /* Sources */,
				82D6E7632712E7A900B1CEBB /* Frameworks */,
				82D6E7642712E7A900B1CEBB /* Resources */,
			);
			buildRules = (
			);
			dependencies = (
				82D6E7682712E7A900B1CEBB /* PBXTargetDependency */,
			);
			name = LeetStatsTests;
			productName = LeetStatsTests;
			productReference = 82D6E7662712E7A900B1CEBB /* LeetStatsTests.xctest */;
			productType = "com.apple.product-type.bundle.unit-test";
		};
		82D6E76F2712E7A900B1CEBB /* LeetStatsUITests */ = {
			isa = PBXNativeTarget;
			buildConfigurationList = 82D6E7802712E7A900B1CEBB /* Build configuration list for PBXNativeTarget "LeetStatsUITests" */;
			buildPhases = (
				82D6E76C2712E7A900B1CEBB /* Sources */,
				82D6E76D2712E7A900B1CEBB /* Frameworks */,
				82D6E76E2712E7A900B1CEBB /* Resources */,
			);
			buildRules = (
			);
			dependencies = (
				82D6E7722712E7A900B1CEBB /* PBXTargetDependency */,
			);
			name = LeetStatsUITests;
			productName = LeetStatsUITests;
			productReference = 82D6E7702712E7A900B1CEBB /* LeetStatsUITests.xctest */;
			productType = "com.apple.product-type.bundle.ui-testing";
		};
/* End PBXNativeTarget section */

/* Begin PBXProject section */
		82D6E7482712E7A700B1CEBB /* Project object */ = {
			isa = PBXProject;
			attributes = {
				BuildIndependentTargetsInParallel = 1;
				LastSwiftUpdateCheck = 1300;
				LastUpgradeCheck = 1300;
				TargetAttributes = {
					8223518E2719D81200A078B3 = {
						CreatedOnToolsVersion = 13.0;
					};
					82D6E74F2712E7A700B1CEBB = {
						CreatedOnToolsVersion = 13.0;
					};
					82D6E7652712E7A900B1CEBB = {
						CreatedOnToolsVersion = 13.0;
						TestTargetID = 82D6E74F2712E7A700B1CEBB;
					};
					82D6E76F2712E7A900B1CEBB = {
						CreatedOnToolsVersion = 13.0;
						TestTargetID = 82D6E74F2712E7A700B1CEBB;
					};
				};
			};
			buildConfigurationList = 82D6E74B2712E7A700B1CEBB /* Build configuration list for PBXProject "LeetStats" */;
			compatibilityVersion = "Xcode 13.0";
			developmentRegion = en;
			hasScannedForEncodings = 0;
			knownRegions = (
				en,
				Base,
			);
			mainGroup = 82D6E7472712E7A700B1CEBB;
			productRefGroup = 82D6E7512712E7A700B1CEBB /* Products */;
			projectDirPath = "";
			projectRoot = "";
			targets = (
				82D6E74F2712E7A700B1CEBB /* LeetStats */,
				82D6E7652712E7A900B1CEBB /* LeetStatsTests */,
				82D6E76F2712E7A900B1CEBB /* LeetStatsUITests */,
				8223518E2719D81200A078B3 /* LeetWidgetsExtension */,
			);
		};
/* End PBXProject section */

/* Begin PBXResourcesBuildPhase section */
		8223518D2719D81200A078B3 /* Resources */ = {
			isa = PBXResourcesBuildPhase;
			buildActionMask = 2147483647;
			files = (
				822351972719D81400A078B3 /* Assets.xcassets in Resources */,
			);
			runOnlyForDeploymentPostprocessing = 0;
		};
		82D6E74E2712E7A700B1CEBB /* Resources */ = {
			isa = PBXResourcesBuildPhase;
			buildActionMask = 2147483647;
			files = (
				824B7C452715B20900522783 /* Main.storyboard in Resources */,
				82D6E7602712E7A900B1CEBB /* LaunchScreen.storyboard in Resources */,
				82D6E75D2712E7A900B1CEBB /* Assets.xcassets in Resources */,
			);
			runOnlyForDeploymentPostprocessing = 0;
		};
		82D6E7642712E7A900B1CEBB /* Resources */ = {
			isa = PBXResourcesBuildPhase;
			buildActionMask = 2147483647;
			files = (
			);
			runOnlyForDeploymentPostprocessing = 0;
		};
		82D6E76E2712E7A900B1CEBB /* Resources */ = {
			isa = PBXResourcesBuildPhase;
			buildActionMask = 2147483647;
			files = (
			);
			runOnlyForDeploymentPostprocessing = 0;
		};
/* End PBXResourcesBuildPhase section */

/* Begin PBXSourcesBuildPhase section */
		8223518B2719D81200A078B3 /* Sources */ = {
			isa = PBXSourcesBuildPhase;
			buildActionMask = 2147483647;
			files = (
				822351A12719D8ED00A078B3 /* Stats.swift in Sources */,
				822351992719D81400A078B3 /* LeetWidgets.intentdefinition in Sources */,
				822351942719D81200A078B3 /* LeetWidgets.swift in Sources */,
			);
			runOnlyForDeploymentPostprocessing = 0;
		};
		82D6E74C2712E7A700B1CEBB /* Sources */ = {
			isa = PBXSourcesBuildPhase;
			buildActionMask = 2147483647;
			files = (
				824B7C41271485F600522783 /* CustomDate.swift in Sources */,
				8223517D2719B5D000A078B3 /* CAPropertyAnimation+Key.swift in Sources */,
				82D6E78D2712F39400B1CEBB /* ProfileViewController.swift in Sources */,
				824B7C4F2715B80700522783 /* DonutChartView.swift in Sources */,
				824B7C70271610BD00522783 /* CalendarView.swift in Sources */,
				824B7C522715B80700522783 /* CALayer + Utility.swift in Sources */,
				824B7C512715B80700522783 /* DonutChartSegmentLayer.swift in Sources */,
				8223517A2719B59E00A078B3 /* MaterialActivityIndicatorAnimator.swift in Sources */,
				824B7C6E27160A2900522783 /* CalendarData.swift in Sources */,
				82D6E7842712E7B700B1CEBB /* NetworkManager.swift in Sources */,
				822351782719B57B00A078B3 /* MaterialActivityIndicator.swift in Sources */,
				82D6E7862712E7C700B1CEBB /* Stats.swift in Sources */,
				82D6E78A2712F37D00B1CEBB /* AuthViewController.swift in Sources */,
				82D6E7542712E7A700B1CEBB /* AppDelegate.swift in Sources */,
				822351812719B5F500A078B3 /* CGSize+Min.swift in Sources */,
				824B7C4D2715B80700522783 /* CGFloat+Radian.swift in Sources */,
				822351832719B60C00A078B3 /* UIBezierPath+Circle.swift in Sources */,
				824B7C502715B80700522783 /* DonutChartEntry.swift in Sources */,
				824B7C4E2715B80700522783 /* DonutChartLayer.swift in Sources */,
				8223517F2719B5E000A078B3 /* CGRect+Center.swift in Sources */,
				82D6E7562712E7A700B1CEBB /* SceneDelegate.swift in Sources */,
				8223519A2719D81400A078B3 /* LeetWidgets.intentdefinition in Sources */,
				824B7C432715768B00522783 /* SettingsViewController.swift in Sources */,
			);
			runOnlyForDeploymentPostprocessing = 0;
		};
		82D6E7622712E7A900B1CEBB /* Sources */ = {
			isa = PBXSourcesBuildPhase;
			buildActionMask = 2147483647;
			files = (
				82D6E76B2712E7A900B1CEBB /* LeetStatsTests.swift in Sources */,
			);
			runOnlyForDeploymentPostprocessing = 0;
		};
		82D6E76C2712E7A900B1CEBB /* Sources */ = {
			isa = PBXSourcesBuildPhase;
			buildActionMask = 2147483647;
			files = (
				82D6E7772712E7A900B1CEBB /* LeetStatsUITestsLaunchTests.swift in Sources */,
				82D6E7752712E7A900B1CEBB /* LeetStatsUITests.swift in Sources */,
			);
			runOnlyForDeploymentPostprocessing = 0;
		};
/* End PBXSourcesBuildPhase section */

/* Begin PBXTargetDependency section */
		8223519C2719D81400A078B3 /* PBXTargetDependency */ = {
			isa = PBXTargetDependency;
			target = 8223518E2719D81200A078B3 /* LeetWidgetsExtension */;
			targetProxy = 8223519B2719D81400A078B3 /* PBXContainerItemProxy */;
		};
		82D6E7682712E7A900B1CEBB /* PBXTargetDependency */ = {
			isa = PBXTargetDependency;
			target = 82D6E74F2712E7A700B1CEBB /* LeetStats */;
			targetProxy = 82D6E7672712E7A900B1CEBB /* PBXContainerItemProxy */;
		};
		82D6E7722712E7A900B1CEBB /* PBXTargetDependency */ = {
			isa = PBXTargetDependency;
			target = 82D6E74F2712E7A700B1CEBB /* LeetStats */;
			targetProxy = 82D6E7712712E7A900B1CEBB /* PBXContainerItemProxy */;
		};
/* End PBXTargetDependency section */

/* Begin PBXVariantGroup section */
		82D6E75E2712E7A900B1CEBB /* LaunchScreen.storyboard */ = {
			isa = PBXVariantGroup;
			children = (
				82D6E75F2712E7A900B1CEBB /* Base */,
			);
			name = LaunchScreen.storyboard;
			sourceTree = "<group>";
		};
/* End PBXVariantGroup section */

/* Begin XCBuildConfiguration section */
		8223519F2719D81400A078B3 /* Debug */ = {
			isa = XCBuildConfiguration;
			buildSettings = {
				ASSETCATALOG_COMPILER_GLOBAL_ACCENT_COLOR_NAME = AccentColor;
				ASSETCATALOG_COMPILER_WIDGET_BACKGROUND_COLOR_NAME = WidgetBackground;
				CODE_SIGN_ENTITLEMENTS = LeetWidgetsExtension.entitlements;
				CODE_SIGN_STYLE = Automatic;
				CURRENT_PROJECT_VERSION = 2;
				DEAD_CODE_STRIPPING = NO;
				DEVELOPMENT_TEAM = 3868R87QJX;
				GENERATE_INFOPLIST_FILE = YES;
				INFOPLIST_FILE = LeetWidgets/Info.plist;
				INFOPLIST_KEY_CFBundleDisplayName = LeetWidgets;
				INFOPLIST_KEY_NSHumanReadableCopyright = "";
				IPHONEOS_DEPLOYMENT_TARGET = 15.0;
				LD_RUNPATH_SEARCH_PATHS = (
					"$(inherited)",
					"@executable_path/Frameworks",
					"@executable_path/../../Frameworks",
				);
				MARKETING_VERSION = 1.1;
				PRODUCT_BUNDLE_IDENTIFIER = com.romanrakhlin.LeetStats.LeetWidgets;
				PRODUCT_NAME = "$(TARGET_NAME)";
				SKIP_INSTALL = YES;
				SWIFT_EMIT_LOC_STRINGS = YES;
				SWIFT_VERSION = 5.0;
				TARGETED_DEVICE_FAMILY = 1;
			};
			name = Debug;
		};
		822351A02719D81400A078B3 /* Release */ = {
			isa = XCBuildConfiguration;
			buildSettings = {
				ASSETCATALOG_COMPILER_GLOBAL_ACCENT_COLOR_NAME = AccentColor;
				ASSETCATALOG_COMPILER_WIDGET_BACKGROUND_COLOR_NAME = WidgetBackground;
				CODE_SIGN_ENTITLEMENTS = LeetWidgetsExtension.entitlements;
				CODE_SIGN_STYLE = Automatic;
				CURRENT_PROJECT_VERSION = 2;
				DEAD_CODE_STRIPPING = NO;
				DEVELOPMENT_TEAM = 3868R87QJX;
				GENERATE_INFOPLIST_FILE = YES;
				INFOPLIST_FILE = LeetWidgets/Info.plist;
				INFOPLIST_KEY_CFBundleDisplayName = LeetWidgets;
				INFOPLIST_KEY_NSHumanReadableCopyright = "";
				IPHONEOS_DEPLOYMENT_TARGET = 15.0;
				LD_RUNPATH_SEARCH_PATHS = (
					"$(inherited)",
					"@executable_path/Frameworks",
					"@executable_path/../../Frameworks",
				);
				MARKETING_VERSION = 1.1;
				PRODUCT_BUNDLE_IDENTIFIER = com.romanrakhlin.LeetStats.LeetWidgets;
				PRODUCT_NAME = "$(TARGET_NAME)";
				SKIP_INSTALL = YES;
				SWIFT_EMIT_LOC_STRINGS = YES;
				SWIFT_VERSION = 5.0;
				TARGETED_DEVICE_FAMILY = 1;
			};
			name = Release;
		};
		82D6E7782712E7A900B1CEBB /* Debug */ = {
			isa = XCBuildConfiguration;
			buildSettings = {
				ALWAYS_SEARCH_USER_PATHS = NO;
				CLANG_ANALYZER_NONNULL = YES;
				CLANG_ANALYZER_NUMBER_OBJECT_CONVERSION = YES_AGGRESSIVE;
				CLANG_CXX_LANGUAGE_STANDARD = "gnu++17";
				CLANG_CXX_LIBRARY = "libc++";
				CLANG_ENABLE_MODULES = YES;
				CLANG_ENABLE_OBJC_ARC = YES;
				CLANG_ENABLE_OBJC_WEAK = YES;
				CLANG_WARN_BLOCK_CAPTURE_AUTORELEASING = YES;
				CLANG_WARN_BOOL_CONVERSION = YES;
				CLANG_WARN_COMMA = YES;
				CLANG_WARN_CONSTANT_CONVERSION = YES;
				CLANG_WARN_DEPRECATED_OBJC_IMPLEMENTATIONS = YES;
				CLANG_WARN_DIRECT_OBJC_ISA_USAGE = YES_ERROR;
				CLANG_WARN_DOCUMENTATION_COMMENTS = YES;
				CLANG_WARN_EMPTY_BODY = YES;
				CLANG_WARN_ENUM_CONVERSION = YES;
				CLANG_WARN_INFINITE_RECURSION = YES;
				CLANG_WARN_INT_CONVERSION = YES;
				CLANG_WARN_NON_LITERAL_NULL_CONVERSION = YES;
				CLANG_WARN_OBJC_IMPLICIT_RETAIN_SELF = YES;
				CLANG_WARN_OBJC_LITERAL_CONVERSION = YES;
				CLANG_WARN_OBJC_ROOT_CLASS = YES_ERROR;
				CLANG_WARN_QUOTED_INCLUDE_IN_FRAMEWORK_HEADER = YES;
				CLANG_WARN_RANGE_LOOP_ANALYSIS = YES;
				CLANG_WARN_STRICT_PROTOTYPES = YES;
				CLANG_WARN_SUSPICIOUS_MOVE = YES;
				CLANG_WARN_UNGUARDED_AVAILABILITY = YES_AGGRESSIVE;
				CLANG_WARN_UNREACHABLE_CODE = YES;
				CLANG_WARN__DUPLICATE_METHOD_MATCH = YES;
				COPY_PHASE_STRIP = NO;
				DEBUG_INFORMATION_FORMAT = dwarf;
				ENABLE_STRICT_OBJC_MSGSEND = YES;
				ENABLE_TESTABILITY = YES;
				GCC_C_LANGUAGE_STANDARD = gnu11;
				GCC_DYNAMIC_NO_PIC = NO;
				GCC_NO_COMMON_BLOCKS = YES;
				GCC_OPTIMIZATION_LEVEL = 0;
				GCC_PREPROCESSOR_DEFINITIONS = (
					"DEBUG=1",
					"$(inherited)",
				);
				GCC_WARN_64_TO_32_BIT_CONVERSION = YES;
				GCC_WARN_ABOUT_RETURN_TYPE = YES_ERROR;
				GCC_WARN_UNDECLARED_SELECTOR = YES;
				GCC_WARN_UNINITIALIZED_AUTOS = YES_AGGRESSIVE;
				GCC_WARN_UNUSED_FUNCTION = YES;
				GCC_WARN_UNUSED_VARIABLE = YES;
				IPHONEOS_DEPLOYMENT_TARGET = 15.0;
				MTL_ENABLE_DEBUG_INFO = INCLUDE_SOURCE;
				MTL_FAST_MATH = YES;
				ONLY_ACTIVE_ARCH = YES;
				SDKROOT = iphoneos;
				SWIFT_ACTIVE_COMPILATION_CONDITIONS = DEBUG;
				SWIFT_OPTIMIZATION_LEVEL = "-Onone";
			};
			name = Debug;
		};
		82D6E7792712E7A900B1CEBB /* Release */ = {
			isa = XCBuildConfiguration;
			buildSettings = {
				ALWAYS_SEARCH_USER_PATHS = NO;
				CLANG_ANALYZER_NONNULL = YES;
				CLANG_ANALYZER_NUMBER_OBJECT_CONVERSION = YES_AGGRESSIVE;
				CLANG_CXX_LANGUAGE_STANDARD = "gnu++17";
				CLANG_CXX_LIBRARY = "libc++";
				CLANG_ENABLE_MODULES = YES;
				CLANG_ENABLE_OBJC_ARC = YES;
				CLANG_ENABLE_OBJC_WEAK = YES;
				CLANG_WARN_BLOCK_CAPTURE_AUTORELEASING = YES;
				CLANG_WARN_BOOL_CONVERSION = YES;
				CLANG_WARN_COMMA = YES;
				CLANG_WARN_CONSTANT_CONVERSION = YES;
				CLANG_WARN_DEPRECATED_OBJC_IMPLEMENTATIONS = YES;
				CLANG_WARN_DIRECT_OBJC_ISA_USAGE = YES_ERROR;
				CLANG_WARN_DOCUMENTATION_COMMENTS = YES;
				CLANG_WARN_EMPTY_BODY = YES;
				CLANG_WARN_ENUM_CONVERSION = YES;
				CLANG_WARN_INFINITE_RECURSION = YES;
				CLANG_WARN_INT_CONVERSION = YES;
				CLANG_WARN_NON_LITERAL_NULL_CONVERSION = YES;
				CLANG_WARN_OBJC_IMPLICIT_RETAIN_SELF = YES;
				CLANG_WARN_OBJC_LITERAL_CONVERSION = YES;
				CLANG_WARN_OBJC_ROOT_CLASS = YES_ERROR;
				CLANG_WARN_QUOTED_INCLUDE_IN_FRAMEWORK_HEADER = YES;
				CLANG_WARN_RANGE_LOOP_ANALYSIS = YES;
				CLANG_WARN_STRICT_PROTOTYPES = YES;
				CLANG_WARN_SUSPICIOUS_MOVE = YES;
				CLANG_WARN_UNGUARDED_AVAILABILITY = YES_AGGRESSIVE;
				CLANG_WARN_UNREACHABLE_CODE = YES;
				CLANG_WARN__DUPLICATE_METHOD_MATCH = YES;
				COPY_PHASE_STRIP = NO;
				DEBUG_INFORMATION_FORMAT = "dwarf-with-dsym";
				ENABLE_NS_ASSERTIONS = NO;
				ENABLE_STRICT_OBJC_MSGSEND = YES;
				GCC_C_LANGUAGE_STANDARD = gnu11;
				GCC_NO_COMMON_BLOCKS = YES;
				GCC_WARN_64_TO_32_BIT_CONVERSION = YES;
				GCC_WARN_ABOUT_RETURN_TYPE = YES_ERROR;
				GCC_WARN_UNDECLARED_SELECTOR = YES;
				GCC_WARN_UNINITIALIZED_AUTOS = YES_AGGRESSIVE;
				GCC_WARN_UNUSED_FUNCTION = YES;
				GCC_WARN_UNUSED_VARIABLE = YES;
				IPHONEOS_DEPLOYMENT_TARGET = 15.0;
				MTL_ENABLE_DEBUG_INFO = NO;
				MTL_FAST_MATH = YES;
				SDKROOT = iphoneos;
				SWIFT_COMPILATION_MODE = wholemodule;
				SWIFT_OPTIMIZATION_LEVEL = "-O";
				VALIDATE_PRODUCT = YES;
			};
			name = Release;
		};
		82D6E77B2712E7A900B1CEBB /* Debug */ = {
			isa = XCBuildConfiguration;
			buildSettings = {
				ALWAYS_EMBED_SWIFT_STANDARD_LIBRARIES = YES;
				ASSETCATALOG_COMPILER_APPICON_NAME = AppIcon;
				ASSETCATALOG_COMPILER_GLOBAL_ACCENT_COLOR_NAME = AccentColor;
				CODE_SIGN_ENTITLEMENTS = LeetStats/LeetStats.entitlements;
				CODE_SIGN_STYLE = Automatic;
				CURRENT_PROJECT_VERSION = 2;
				DEAD_CODE_STRIPPING = NO;
				DEVELOPMENT_TEAM = 3868R87QJX;
				GENERATE_INFOPLIST_FILE = YES;
				INFOPLIST_FILE = LeetStats/Info.plist;
				INFOPLIST_KEY_UIApplicationSupportsIndirectInputEvents = YES;
				INFOPLIST_KEY_UILaunchStoryboardName = LaunchScreen;
				INFOPLIST_KEY_UIMainStoryboardFile = Main;
				INFOPLIST_KEY_UISupportedInterfaceOrientations = UIInterfaceOrientationPortrait;
				INFOPLIST_KEY_UISupportedInterfaceOrientations_iPad = "UIInterfaceOrientationPortrait UIInterfaceOrientationPortraitUpsideDown UIInterfaceOrientationLandscapeLeft UIInterfaceOrientationLandscapeRight";
				INFOPLIST_KEY_UISupportedInterfaceOrientations_iPhone = "UIInterfaceOrientationPortrait UIInterfaceOrientationLandscapeLeft UIInterfaceOrientationLandscapeRight";
				IPHONEOS_DEPLOYMENT_TARGET = 15.0;
				LD_RUNPATH_SEARCH_PATHS = (
					"$(inherited)",
					"@executable_path/Frameworks",
				);
				MARKETING_VERSION = 1.1;
				PRODUCT_BUNDLE_IDENTIFIER = com.romanrakhlin.LeetStats;
				PRODUCT_NAME = "$(TARGET_NAME)";
				SWIFT_EMIT_LOC_STRINGS = YES;
				SWIFT_VERSION = 5.0;
				TARGETED_DEVICE_FAMILY = 1;
			};
			name = Debug;
		};
		82D6E77C2712E7A900B1CEBB /* Release */ = {
			isa = XCBuildConfiguration;
			buildSettings = {
				ALWAYS_EMBED_SWIFT_STANDARD_LIBRARIES = YES;
				ASSETCATALOG_COMPILER_APPICON_NAME = AppIcon;
				ASSETCATALOG_COMPILER_GLOBAL_ACCENT_COLOR_NAME = AccentColor;
				CODE_SIGN_ENTITLEMENTS = LeetStats/LeetStats.entitlements;
				CODE_SIGN_STYLE = Automatic;
				CURRENT_PROJECT_VERSION = 2;
				DEAD_CODE_STRIPPING = NO;
				DEVELOPMENT_TEAM = 3868R87QJX;
				GENERATE_INFOPLIST_FILE = YES;
				INFOPLIST_FILE = LeetStats/Info.plist;
				INFOPLIST_KEY_UIApplicationSupportsIndirectInputEvents = YES;
				INFOPLIST_KEY_UILaunchStoryboardName = LaunchScreen;
				INFOPLIST_KEY_UIMainStoryboardFile = Main;
				INFOPLIST_KEY_UISupportedInterfaceOrientations = UIInterfaceOrientationPortrait;
				INFOPLIST_KEY_UISupportedInterfaceOrientations_iPad = "UIInterfaceOrientationPortrait UIInterfaceOrientationPortraitUpsideDown UIInterfaceOrientationLandscapeLeft UIInterfaceOrientationLandscapeRight";
				INFOPLIST_KEY_UISupportedInterfaceOrientations_iPhone = "UIInterfaceOrientationPortrait UIInterfaceOrientationLandscapeLeft UIInterfaceOrientationLandscapeRight";
				IPHONEOS_DEPLOYMENT_TARGET = 15.0;
				LD_RUNPATH_SEARCH_PATHS = (
					"$(inherited)",
					"@executable_path/Frameworks",
				);
				MARKETING_VERSION = 1.1;
				PRODUCT_BUNDLE_IDENTIFIER = com.romanrakhlin.LeetStats;
				PRODUCT_NAME = "$(TARGET_NAME)";
				SWIFT_EMIT_LOC_STRINGS = YES;
				SWIFT_VERSION = 5.0;
				TARGETED_DEVICE_FAMILY = 1;
			};
			name = Release;
		};
		82D6E77E2712E7A900B1CEBB /* Debug */ = {
			isa = XCBuildConfiguration;
			buildSettings = {
				ALWAYS_EMBED_SWIFT_STANDARD_LIBRARIES = YES;
				BUNDLE_LOADER = "$(TEST_HOST)";
				CODE_SIGN_STYLE = Automatic;
				CURRENT_PROJECT_VERSION = 1;
				DEAD_CODE_STRIPPING = NO;
				DEVELOPMENT_TEAM = 3868R87QJX;
				GENERATE_INFOPLIST_FILE = YES;
				IPHONEOS_DEPLOYMENT_TARGET = 15.0;
				LD_RUNPATH_SEARCH_PATHS = (
					"$(inherited)",
					"@executable_path/Frameworks",
					"@loader_path/Frameworks",
				);
				MARKETING_VERSION = 1.0;
				PRODUCT_BUNDLE_IDENTIFIER = com.romanrakhlin.LeetStatsTests;
				PRODUCT_NAME = "$(TARGET_NAME)";
				SWIFT_EMIT_LOC_STRINGS = NO;
				SWIFT_VERSION = 5.0;
				TARGETED_DEVICE_FAMILY = "1,2";
				TEST_HOST = "$(BUILT_PRODUCTS_DIR)/LeetStats.app/LeetStats";
			};
			name = Debug;
		};
		82D6E77F2712E7A900B1CEBB /* Release */ = {
			isa = XCBuildConfiguration;
			buildSettings = {
				ALWAYS_EMBED_SWIFT_STANDARD_LIBRARIES = YES;
				BUNDLE_LOADER = "$(TEST_HOST)";
				CODE_SIGN_STYLE = Automatic;
				CURRENT_PROJECT_VERSION = 1;
				DEAD_CODE_STRIPPING = NO;
				DEVELOPMENT_TEAM = 3868R87QJX;
				GENERATE_INFOPLIST_FILE = YES;
				IPHONEOS_DEPLOYMENT_TARGET = 15.0;
				LD_RUNPATH_SEARCH_PATHS = (
					"$(inherited)",
					"@executable_path/Frameworks",
					"@loader_path/Frameworks",
				);
				MARKETING_VERSION = 1.0;
				PRODUCT_BUNDLE_IDENTIFIER = com.romanrakhlin.LeetStatsTests;
				PRODUCT_NAME = "$(TARGET_NAME)";
				SWIFT_EMIT_LOC_STRINGS = NO;
				SWIFT_VERSION = 5.0;
				TARGETED_DEVICE_FAMILY = "1,2";
				TEST_HOST = "$(BUILT_PRODUCTS_DIR)/LeetStats.app/LeetStats";
			};
			name = Release;
		};
		82D6E7812712E7A900B1CEBB /* Debug */ = {
			isa = XCBuildConfiguration;
			buildSettings = {
				ALWAYS_EMBED_SWIFT_STANDARD_LIBRARIES = YES;
				CODE_SIGN_STYLE = Automatic;
				CURRENT_PROJECT_VERSION = 1;
				DEAD_CODE_STRIPPING = NO;
				DEVELOPMENT_TEAM = 3868R87QJX;
				GENERATE_INFOPLIST_FILE = YES;
				LD_RUNPATH_SEARCH_PATHS = (
					"$(inherited)",
					"@executable_path/Frameworks",
					"@loader_path/Frameworks",
				);
				MARKETING_VERSION = 1.0;
				PRODUCT_BUNDLE_IDENTIFIER = com.romanrakhlin.LeetStatsUITests;
				PRODUCT_NAME = "$(TARGET_NAME)";
				SWIFT_EMIT_LOC_STRINGS = NO;
				SWIFT_VERSION = 5.0;
				TARGETED_DEVICE_FAMILY = "1,2";
				TEST_TARGET_NAME = LeetStats;
			};
			name = Debug;
		};
		82D6E7822712E7A900B1CEBB /* Release */ = {
			isa = XCBuildConfiguration;
			buildSettings = {
				ALWAYS_EMBED_SWIFT_STANDARD_LIBRARIES = YES;
				CODE_SIGN_STYLE = Automatic;
				CURRENT_PROJECT_VERSION = 1;
				DEAD_CODE_STRIPPING = NO;
				DEVELOPMENT_TEAM = 3868R87QJX;
				GENERATE_INFOPLIST_FILE = YES;
				LD_RUNPATH_SEARCH_PATHS = (
					"$(inherited)",
					"@executable_path/Frameworks",
					"@loader_path/Frameworks",
				);
				MARKETING_VERSION = 1.0;
				PRODUCT_BUNDLE_IDENTIFIER = com.romanrakhlin.LeetStatsUITests;
				PRODUCT_NAME = "$(TARGET_NAME)";
				SWIFT_EMIT_LOC_STRINGS = NO;
				SWIFT_VERSION = 5.0;
				TARGETED_DEVICE_FAMILY = "1,2";
				TEST_TARGET_NAME = LeetStats;
			};
			name = Release;
		};
/* End XCBuildConfiguration section */

/* Begin XCConfigurationList section */
		8223519E2719D81400A078B3 /* Build configuration list for PBXNativeTarget "LeetWidgetsExtension" */ = {
			isa = XCConfigurationList;
			buildConfigurations = (
				8223519F2719D81400A078B3 /* Debug */,
				822351A02719D81400A078B3 /* Release */,
			);
			defaultConfigurationIsVisible = 0;
			defaultConfigurationName = Release;
		};
		82D6E74B2712E7A700B1CEBB /* Build configuration list for PBXProject "LeetStats" */ = {
			isa = XCConfigurationList;
			buildConfigurations = (
				82D6E7782712E7A900B1CEBB /* Debug */,
				82D6E7792712E7A900B1CEBB /* Release */,
			);
			defaultConfigurationIsVisible = 0;
			defaultConfigurationName = Release;
		};
		82D6E77A2712E7A900B1CEBB /* Build configuration list for PBXNativeTarget "LeetStats" */ = {
			isa = XCConfigurationList;
			buildConfigurations = (
				82D6E77B2712E7A900B1CEBB /* Debug */,
				82D6E77C2712E7A900B1CEBB /* Release */,
			);
			defaultConfigurationIsVisible = 0;
			defaultConfigurationName = Release;
		};
		82D6E77D2712E7A900B1CEBB /* Build configuration list for PBXNativeTarget "LeetStatsTests" */ = {
			isa = XCConfigurationList;
			buildConfigurations = (
				82D6E77E2712E7A900B1CEBB /* Debug */,
				82D6E77F2712E7A900B1CEBB /* Release */,
			);
			defaultConfigurationIsVisible = 0;
			defaultConfigurationName = Release;
		};
		82D6E7802712E7A900B1CEBB /* Build configuration list for PBXNativeTarget "LeetStatsUITests" */ = {
			isa = XCConfigurationList;
			buildConfigurations = (
				82D6E7812712E7A900B1CEBB /* Debug */,
				82D6E7822712E7A900B1CEBB /* Release */,
			);
			defaultConfigurationIsVisible = 0;
			defaultConfigurationName = Release;
		};
/* End XCConfigurationList section */
	};
	rootObject = 82D6E7482712E7A700B1CEBB /* Project object */;
}
